
Microsoft Visual Studio Solution File, Format Version 12.00
# Visual Studio 2013
VisualStudioVersion = 12.0.31101.0
MinimumVisualStudioVersion = 10.0.40219.1
Project("{FAE04EC0-301F-11D3-BF4B-00C04F79EFBC}") = "CM3D2FaceCamera", "CM3D2FaceCamera\CM3D2FaceCamera.csproj", "{94382C71-ECAF-441B-91C3-B738A3A08BF9}"
EndProject
Global
	GlobalSection(SolutionConfigurationPlatforms) = preSolution
		Debug|Any CPU = Debug|Any CPU
		Release|Any CPU = Release|Any CPU
	EndGlobalSection
	GlobalSection(ProjectConfigurationPlatforms) = postSolution
		{94382C71-ECAF-441B-91C3-B738A3A08BF9}.Debug|Any CPU.ActiveCfg = Debug|Any CPU
		{94382C71-ECAF-441B-91C3-B738A3A08BF9}.Debug|Any CPU.Build.0 = Debug|Any CPU
		{94382C71-ECAF-441B-91C3-B738A3A08BF9}.Release|Any CPU.ActiveCfg = Release|Any CPU
		{94382C71-ECAF-441B-91C3-B738A3A08BF9}.Release|Any CPU.Build.0 = Release|Any CPU
	EndGlobalSection
	GlobalSection(SolutionProperties) = preSolution
		HideSolutionNode = FALSE
	EndGlobalSection
EndGlobal
